{
  "version": 4,
  "terraform_version": "1.14.3",
  "serial": 90,
  "lineage": "d7a8a6fc-3ac2-e4fc-5d7c-6cf3c53c2b0f",
  "outputs": {
    "resource_group_name": {
      "value": "resource_group",
      "type": "string"
    }
  },
  "resources": [
    {
      "mode": "managed",
      "type": "azurerm_linux_virtual_machine",
      "name": "vm",
      "provider": "provider[\"registry.terraform.io/hashicorp/azurerm\"]",
      "instances": [
        {
          "schema_version": 0,
          "attributes": {
            "additional_capabilities": [],
            "admin_password": null,
            "admin_ssh_key": [
              {
                "public_key": "ssh-rsa AAAAB3NzaC1yc2EAAAADAQABAAABgQDBqlBRptje7f1PJgnAb0Rat6KEQq5j+KbGgWSmchfLLzrxLF/1zAKp5lC3du5Q200x2Qtg9jPAA/Db5ROb+v+NgdGYSAvZimjRl4hVyxRTGOecrY+FApzsYFUaVn0Q7Nr8PiQL9gT/0HH4APWDpFrDm0R79eAWMlXMnlzr2LJzDxs8kUBZR0nsBhFNic1VioCHPi6HFvCsSSrvfXNEoZzZ8W/Ea/mshlve4/Wucvoh7Xy536mwATCAOLVIJClarwU07KN8jXvvRv8vZ2OHN7f8LTQAs/IuIatyqGEfiUGJfWHGQFYgxdaNILepDmrtqOrW0YNwnK4PEjnFvBdCJQ11HZCTFWOJRz7t1/yscUVrb615bgoI9vmt46xzZ5Qvg5hULFgqfWvQvL/7u2rUJ0Ud1druu86lhVmfDoN7HVr/JBXDCuR1c6ncAdYuv3eySR3c/7Wqun3u+nXIKQk6FPCmYmbU23QFFeQ4woH/u+scCCx+oBDzqZ5WQllIXWuUPNU=\n",
                "username": "anjav8824si"
              }
            ],
            "admin_username": "anjav8824si",
            "allow_extension_operations": true,
            "availability_set_id": "",
            "boot_diagnostics": [],
            "bypass_platform_safety_checks_on_user_schedule_enabled": false,
            "capacity_reservation_group_id": "",
            "computer_name": "Projekat-2-VM",
            "custom_data": null,
            "dedicated_host_group_id": "",
            "dedicated_host_id": "",
            "disable_password_authentication": true,
            "disk_controller_type": "SCSI",
            "edge_zone": "",
            "encryption_at_host_enabled": false,
            "eviction_policy": "",
            "extensions_time_budget": "PT1H30M",
            "gallery_application": [],
            "id": "/subscriptions/fb759421-2229-436f-a0f0-dfc357e8b1c5/resourceGroups/resource_group/providers/Microsoft.Compute/virtualMachines/Projekat-2-VM",
            "identity": [],
            "license_type": "",
            "location": "francecentral",
            "max_bid_price": -1,
            "name": "Projekat-2-VM",
            "network_interface_ids": [
              "/subscriptions/fb759421-2229-436f-a0f0-dfc357e8b1c5/resourceGroups/resource_group/providers/Microsoft.Network/networkInterfaces/demo-nic"
            ],
            "os_disk": [
              {
                "caching": "ReadWrite",
                "diff_disk_settings": [],
                "disk_encryption_set_id": "",
                "disk_size_gb": 30,
                "id": "/subscriptions/fb759421-2229-436f-a0f0-dfc357e8b1c5/resourceGroups/resource_group/providers/Microsoft.Compute/disks/Projekat-2-VM_OsDisk_1_ebb6795c86d54222835b7b97a7914083",
                "name": "Projekat-2-VM_OsDisk_1_ebb6795c86d54222835b7b97a7914083",
                "secure_vm_disk_encryption_set_id": "",
                "security_encryption_type": "",
                "storage_account_type": "Premium_LRS",
                "write_accelerator_enabled": false
              }
            ],
            "os_image_notification": [],
            "os_managed_disk_id": "/subscriptions/fb759421-2229-436f-a0f0-dfc357e8b1c5/resourceGroups/resource_group/providers/Microsoft.Compute/disks/Projekat-2-VM_OsDisk_1_ebb6795c86d54222835b7b97a7914083",
            "patch_assessment_mode": "ImageDefault",
            "patch_mode": "ImageDefault",
            "plan": [],
            "platform_fault_domain": -1,
            "priority": "Regular",
            "private_ip_address": "10.0.1.4",
            "private_ip_addresses": [
              "10.0.1.4"
            ],
            "provision_vm_agent": true,
            "proximity_placement_group_id": "",
            "public_ip_address": "4.178.58.214",
            "public_ip_addresses": [
              "4.178.58.214"
            ],
            "reboot_setting": "",
            "resource_group_name": "resource_group",
            "secret": [],
            "secure_boot_enabled": false,
            "size": "Standard_D2s_v3",
            "source_image_id": "",
            "source_image_reference": [
              {
                "offer": "0001-com-ubuntu-server-jammy",
                "publisher": "canonical",
                "sku": "22_04-lts-gen2",
                "version": "latest"
              }
            ],
            "tags": {
              "environment": "dev"
            },
            "termination_notification": [],
            "timeouts": null,
            "user_data": "",
            "virtual_machine_id": "41b357bc-bdbf-44a9-b6f9-1c264daeaddf",
            "virtual_machine_scale_set_id": "",
            "vm_agent_platform_updates_enabled": false,
            "vtpm_enabled": false,
            "zone": ""
          },
          "sensitive_attributes": [
            [
              {
                "type": "get_attr",
                "value": "admin_password"
              }
            ],
            [
              {
                "type": "get_attr",
                "value": "custom_data"
              }
            ]
          ],
          "identity_schema_version": 0,
          "private": "eyJlMmJmYjczMC1lY2FhLTExZTYtOGY4OC0zNDM2M2JjN2M0YzAiOnsiY3JlYXRlIjoyNzAwMDAwMDAwMDAwLCJkZWxldGUiOjI3MDAwMDAwMDAwMDAsInJlYWQiOjMwMDAwMDAwMDAwMCwidXBkYXRlIjoyNzAwMDAwMDAwMDAwfX0=",
          "dependencies": [
            "azurerm_network_interface.nic",
            "azurerm_public_ip.pubip",
            "azurerm_resource_group.rg",
            "azurerm_subnet.subnet",
            "azurerm_virtual_network.vnet"
          ]
        }
      ]
    },
    {
      "mode": "managed",
      "type": "azurerm_linux_virtual_machine",
      "name": "vm2",
      "provider": "provider[\"registry.terraform.io/hashicorp/azurerm\"]",
      "instances": [
        {
          "schema_version": 0,
          "attributes": {
            "additional_capabilities": [],
            "admin_password": null,
            "admin_ssh_key": [
              {
                "public_key": "ssh-rsa AAAAB3NzaC1yc2EAAAADAQABAAABgQDBqlBRptje7f1PJgnAb0Rat6KEQq5j+KbGgWSmchfLLzrxLF/1zAKp5lC3du5Q200x2Qtg9jPAA/Db5ROb+v+NgdGYSAvZimjRl4hVyxRTGOecrY+FApzsYFUaVn0Q7Nr8PiQL9gT/0HH4APWDpFrDm0R79eAWMlXMnlzr2LJzDxs8kUBZR0nsBhFNic1VioCHPi6HFvCsSSrvfXNEoZzZ8W/Ea/mshlve4/Wucvoh7Xy536mwATCAOLVIJClarwU07KN8jXvvRv8vZ2OHN7f8LTQAs/IuIatyqGEfiUGJfWHGQFYgxdaNILepDmrtqOrW0YNwnK4PEjnFvBdCJQ11HZCTFWOJRz7t1/yscUVrb615bgoI9vmt46xzZ5Qvg5hULFgqfWvQvL/7u2rUJ0Ud1druu86lhVmfDoN7HVr/JBXDCuR1c6ncAdYuv3eySR3c/7Wqun3u+nXIKQk6FPCmYmbU23QFFeQ4woH/u+scCCx+oBDzqZ5WQllIXWuUPNU=\n",
                "username": "anjav8824si"
              }
            ],
            "admin_username": "anjav8824si",
            "allow_extension_operations": true,
            "availability_set_id": "",
            "boot_diagnostics": [],
            "bypass_platform_safety_checks_on_user_schedule_enabled": false,
            "capacity_reservation_group_id": "",
            "computer_name": "Projekat-2-VM2",
            "custom_data": null,
            "dedicated_host_group_id": "",
            "dedicated_host_id": "",
            "disable_password_authentication": true,
            "disk_controller_type": "SCSI",
            "edge_zone": "",
            "encryption_at_host_enabled": false,
            "eviction_policy": "",
            "extensions_time_budget": "PT1H30M",
            "gallery_application": [],
            "id": "/subscriptions/fb759421-2229-436f-a0f0-dfc357e8b1c5/resourceGroups/resource_group/providers/Microsoft.Compute/virtualMachines/Projekat-2-VM2",
            "identity": [],
            "license_type": "",
            "location": "francecentral",
            "max_bid_price": -1,
            "name": "Projekat-2-VM2",
            "network_interface_ids": [
              "/subscriptions/fb759421-2229-436f-a0f0-dfc357e8b1c5/resourceGroups/resource_group/providers/Microsoft.Network/networkInterfaces/demo-nic2"
            ],
            "os_disk": [
              {
                "caching": "ReadWrite",
                "diff_disk_settings": [],
                "disk_encryption_set_id": "",
                "disk_size_gb": 30,
                "id": "/subscriptions/fb759421-2229-436f-a0f0-dfc357e8b1c5/resourceGroups/resource_group/providers/Microsoft.Compute/disks/Projekat-2-VM2_OsDisk_1_7bf596607b0d4c9a912ce57f4c7e04d6",
                "name": "Projekat-2-VM2_OsDisk_1_7bf596607b0d4c9a912ce57f4c7e04d6",
                "secure_vm_disk_encryption_set_id": "",
                "security_encryption_type": "",
                "storage_account_type": "Premium_LRS",
                "write_accelerator_enabled": false
              }
            ],
            "os_image_notification": [],
            "os_managed_disk_id": "/subscriptions/fb759421-2229-436f-a0f0-dfc357e8b1c5/resourceGroups/resource_group/providers/Microsoft.Compute/disks/Projekat-2-VM2_OsDisk_1_7bf596607b0d4c9a912ce57f4c7e04d6",
            "patch_assessment_mode": "ImageDefault",
            "patch_mode": "ImageDefault",
            "plan": [],
            "platform_fault_domain": -1,
            "priority": "Regular",
            "private_ip_address": "10.0.1.8",
            "private_ip_addresses": [
              "10.0.1.8"
            ],
            "provision_vm_agent": true,
            "proximity_placement_group_id": "",
            "public_ip_address": "4.233.64.62",
            "public_ip_addresses": [
              "4.233.64.62"
            ],
            "reboot_setting": "",
            "resource_group_name": "resource_group",
            "secret": [],
            "secure_boot_enabled": false,
            "size": "Standard_D2s_v3",
            "source_image_id": "",
            "source_image_reference": [
              {
                "offer": "0001-com-ubuntu-server-jammy",
                "publisher": "canonical",
                "sku": "22_04-lts-gen2",
                "version": "latest"
              }
            ],
            "tags": {
              "environment": "dev"
            },
            "termination_notification": [],
            "timeouts": null,
            "user_data": "",
            "virtual_machine_id": "8a45afc3-5762-424a-922c-a3ff8bd2351b",
            "virtual_machine_scale_set_id": "",
            "vm_agent_platform_updates_enabled": false,
            "vtpm_enabled": false,
            "zone": ""
          },
          "sensitive_attributes": [
            [
              {
                "type": "get_attr",
                "value": "admin_password"
              }
            ],
            [
              {
                "type": "get_attr",
                "value": "custom_data"
              }
            ]
          ],
          "identity_schema_version": 0,
          "private": "eyJlMmJmYjczMC1lY2FhLTExZTYtOGY4OC0zNDM2M2JjN2M0YzAiOnsiY3JlYXRlIjoyNzAwMDAwMDAwMDAwLCJkZWxldGUiOjI3MDAwMDAwMDAwMDAsInJlYWQiOjMwMDAwMDAwMDAwMCwidXBkYXRlIjoyNzAwMDAwMDAwMDAwfX0=",
          "dependencies": [
            "azurerm_network_interface.nic2",
            "azurerm_public_ip.pubip2",
            "azurerm_resource_group.rg",
            "azurerm_subnet.subnet",
            "azurerm_virtual_network.vnet"
          ]
        }
      ]
    },
    {
      "mode": "managed",
      "type": "azurerm_network_interface",
      "name": "nic",
      "provider": "provider[\"registry.terraform.io/hashicorp/azurerm\"]",
      "instances": [
        {
          "schema_version": 0,
          "attributes": {
            "accelerated_networking_enabled": false,
            "applied_dns_servers": [],
            "auxiliary_mode": "",
            "auxiliary_sku": "",
            "dns_servers": [],
            "edge_zone": "",
            "id": "/subscriptions/fb759421-2229-436f-a0f0-dfc357e8b1c5/resourceGroups/resource_group/providers/Microsoft.Network/networkInterfaces/demo-nic",
            "internal_dns_name_label": "",
            "internal_domain_name_suffix": "talbmgakcteebiuvkdmxcdwueh.parx.internal.cloudapp.net",
            "ip_configuration": [
              {
                "gateway_load_balancer_frontend_ip_configuration_id": "",
                "name": "internal",
                "primary": true,
                "private_ip_address": "10.0.1.4",
                "private_ip_address_allocation": "Static",
                "private_ip_address_version": "IPv4",
                "public_ip_address_id": "/subscriptions/fb759421-2229-436f-a0f0-dfc357e8b1c5/resourceGroups/resource_group/providers/Microsoft.Network/publicIPAddresses/demo-pubip",
                "subnet_id": "/subscriptions/fb759421-2229-436f-a0f0-dfc357e8b1c5/resourceGroups/resource_group/providers/Microsoft.Network/virtualNetworks/vnet-dev/subnets/demo-subnet"
              }
            ],
            "ip_forwarding_enabled": false,
            "location": "francecentral",
            "mac_address": "7C-ED-8D-6D-0B-80",
            "name": "demo-nic",
            "private_ip_address": "10.0.1.4",
            "private_ip_addresses": [
              "10.0.1.4"
            ],
            "resource_group_name": "resource_group",
            "tags": {},
            "timeouts": null,
            "virtual_machine_id": "/subscriptions/fb759421-2229-436f-a0f0-dfc357e8b1c5/resourceGroups/resource_group/providers/Microsoft.Compute/virtualMachines/Projekat-2-VM"
          },
          "sensitive_attributes": [],
          "identity_schema_version": 0,
          "identity": {
            "name": "demo-nic",
            "resource_group_name": "resource_group",
            "subscription_id": "fb759421-2229-436f-a0f0-dfc357e8b1c5"
          },
          "private": "eyJlMmJmYjczMC1lY2FhLTExZTYtOGY4OC0zNDM2M2JjN2M0YzAiOnsiY3JlYXRlIjoxODAwMDAwMDAwMDAwLCJkZWxldGUiOjE4MDAwMDAwMDAwMDAsInJlYWQiOjMwMDAwMDAwMDAwMCwidXBkYXRlIjoxODAwMDAwMDAwMDAwfX0=",
          "dependencies": [
            "azurerm_public_ip.pubip",
            "azurerm_resource_group.rg",
            "azurerm_subnet.subnet",
            "azurerm_virtual_network.vnet"
          ]
        }
      ]
    },
    {
      "mode": "managed",
      "type": "azurerm_network_interface",
      "name": "nic2",
      "provider": "provider[\"registry.terraform.io/hashicorp/azurerm\"]",
      "instances": [
        {
          "schema_version": 0,
          "attributes": {
            "accelerated_networking_enabled": false,
            "applied_dns_servers": [],
            "auxiliary_mode": "",
            "auxiliary_sku": "",
            "dns_servers": [],
            "edge_zone": "",
            "id": "/subscriptions/fb759421-2229-436f-a0f0-dfc357e8b1c5/resourceGroups/resource_group/providers/Microsoft.Network/networkInterfaces/demo-nic2",
            "internal_dns_name_label": "",
            "internal_domain_name_suffix": "talbmgakcteebiuvkdmxcdwueh.parx.internal.cloudapp.net",
            "ip_configuration": [
              {
                "gateway_load_balancer_frontend_ip_configuration_id": "",
                "name": "internal",
                "primary": true,
                "private_ip_address": "10.0.1.8",
                "private_ip_address_allocation": "Static",
                "private_ip_address_version": "IPv4",
                "public_ip_address_id": "/subscriptions/fb759421-2229-436f-a0f0-dfc357e8b1c5/resourceGroups/resource_group/providers/Microsoft.Network/publicIPAddresses/demo-pubip2",
                "subnet_id": "/subscriptions/fb759421-2229-436f-a0f0-dfc357e8b1c5/resourceGroups/resource_group/providers/Microsoft.Network/virtualNetworks/vnet-dev/subnets/demo-subnet"
              }
            ],
            "ip_forwarding_enabled": false,
            "location": "francecentral",
            "mac_address": "60-45-BD-1A-2D-CF",
            "name": "demo-nic2",
            "private_ip_address": "10.0.1.8",
            "private_ip_addresses": [
              "10.0.1.8"
            ],
            "resource_group_name": "resource_group",
            "tags": {},
            "timeouts": null,
            "virtual_machine_id": "/subscriptions/fb759421-2229-436f-a0f0-dfc357e8b1c5/resourceGroups/resource_group/providers/Microsoft.Compute/virtualMachines/Projekat-2-VM2"
          },
          "sensitive_attributes": [],
          "identity_schema_version": 0,
          "identity": {
            "name": "demo-nic2",
            "resource_group_name": "resource_group",
            "subscription_id": "fb759421-2229-436f-a0f0-dfc357e8b1c5"
          },
          "private": "eyJlMmJmYjczMC1lY2FhLTExZTYtOGY4OC0zNDM2M2JjN2M0YzAiOnsiY3JlYXRlIjoxODAwMDAwMDAwMDAwLCJkZWxldGUiOjE4MDAwMDAwMDAwMDAsInJlYWQiOjMwMDAwMDAwMDAwMCwidXBkYXRlIjoxODAwMDAwMDAwMDAwfX0=",
          "dependencies": [
            "azurerm_public_ip.pubip2",
            "azurerm_resource_group.rg",
            "azurerm_subnet.subnet",
            "azurerm_virtual_network.vnet"
          ]
        }
      ]
    },
    {
      "mode": "managed",
      "type": "azurerm_public_ip",
      "name": "pubip",
      "provider": "provider[\"registry.terraform.io/hashicorp/azurerm\"]",
      "instances": [
        {
          "schema_version": 0,
          "attributes": {
            "allocation_method": "Static",
            "ddos_protection_mode": "VirtualNetworkInherited",
            "ddos_protection_plan_id": null,
            "domain_name_label": null,
            "domain_name_label_scope": null,
            "edge_zone": "",
            "fqdn": null,
            "id": "/subscriptions/fb759421-2229-436f-a0f0-dfc357e8b1c5/resourceGroups/resource_group/providers/Microsoft.Network/publicIPAddresses/demo-pubip",
            "idle_timeout_in_minutes": 4,
            "ip_address": "4.178.58.214",
            "ip_tags": {},
            "ip_version": "IPv4",
            "location": "francecentral",
            "name": "demo-pubip",
            "public_ip_prefix_id": null,
            "resource_group_name": "resource_group",
            "reverse_fqdn": null,
            "sku": "Standard",
            "sku_tier": "Regional",
            "tags": {},
            "timeouts": null,
            "zones": []
          },
          "sensitive_attributes": [],
          "identity_schema_version": 0,
          "private": "eyJlMmJmYjczMC1lY2FhLTExZTYtOGY4OC0zNDM2M2JjN2M0YzAiOnsiY3JlYXRlIjoxODAwMDAwMDAwMDAwLCJkZWxldGUiOjE4MDAwMDAwMDAwMDAsInJlYWQiOjMwMDAwMDAwMDAwMCwidXBkYXRlIjoxODAwMDAwMDAwMDAwfX0=",
          "dependencies": [
            "azurerm_resource_group.rg"
          ]
        }
      ]
    },
    {
      "mode": "managed",
      "type": "azurerm_public_ip",
      "name": "pubip2",
      "provider": "provider[\"registry.terraform.io/hashicorp/azurerm\"]",
      "instances": [
        {
          "schema_version": 0,
          "attributes": {
            "allocation_method": "Static",
            "ddos_protection_mode": "VirtualNetworkInherited",
            "ddos_protection_plan_id": null,
            "domain_name_label": null,
            "domain_name_label_scope": null,
            "edge_zone": "",
            "fqdn": null,
            "id": "/subscriptions/fb759421-2229-436f-a0f0-dfc357e8b1c5/resourceGroups/resource_group/providers/Microsoft.Network/publicIPAddresses/demo-pubip2",
            "idle_timeout_in_minutes": 4,
            "ip_address": "4.233.64.62",
            "ip_tags": {},
            "ip_version": "IPv4",
            "location": "francecentral",
            "name": "demo-pubip2",
            "public_ip_prefix_id": null,
            "resource_group_name": "resource_group",
            "reverse_fqdn": null,
            "sku": "Standard",
            "sku_tier": "Regional",
            "tags": {},
            "timeouts": null,
            "zones": []
          },
          "sensitive_attributes": [],
          "identity_schema_version": 0,
          "private": "eyJlMmJmYjczMC1lY2FhLTExZTYtOGY4OC0zNDM2M2JjN2M0YzAiOnsiY3JlYXRlIjoxODAwMDAwMDAwMDAwLCJkZWxldGUiOjE4MDAwMDAwMDAwMDAsInJlYWQiOjMwMDAwMDAwMDAwMCwidXBkYXRlIjoxODAwMDAwMDAwMDAwfX0=",
          "dependencies": [
            "azurerm_resource_group.rg"
          ]
        }
      ]
    },
    {
      "mode": "managed",
      "type": "azurerm_resource_group",
      "name": "rg",
      "provider": "provider[\"registry.terraform.io/hashicorp/azurerm\"]",
      "instances": [
        {
          "schema_version": 0,
          "attributes": {
            "id": "/subscriptions/fb759421-2229-436f-a0f0-dfc357e8b1c5/resourceGroups/resource_group",
            "location": "francecentral",
            "managed_by": "",
            "name": "resource_group",
            "tags": {},
            "timeouts": null
          },
          "sensitive_attributes": [],
          "identity_schema_version": 0,
          "identity": {
            "name": "resource_group",
            "subscription_id": "fb759421-2229-436f-a0f0-dfc357e8b1c5"
          },
          "private": "eyJlMmJmYjczMC1lY2FhLTExZTYtOGY4OC0zNDM2M2JjN2M0YzAiOnsiY3JlYXRlIjo1NDAwMDAwMDAwMDAwLCJkZWxldGUiOjU0MDAwMDAwMDAwMDAsInJlYWQiOjMwMDAwMDAwMDAwMCwidXBkYXRlIjo1NDAwMDAwMDAwMDAwfX0="
        }
      ]
    },
    {
      "mode": "managed",
      "type": "azurerm_subnet",
      "name": "subnet",
      "provider": "provider[\"registry.terraform.io/hashicorp/azurerm\"]",
      "instances": [
        {
          "schema_version": 0,
          "attributes": {
            "address_prefixes": [
              "10.0.1.0/24"
            ],
            "default_outbound_access_enabled": true,
            "delegation": [],
            "id": "/subscriptions/fb759421-2229-436f-a0f0-dfc357e8b1c5/resourceGroups/resource_group/providers/Microsoft.Network/virtualNetworks/vnet-dev/subnets/demo-subnet",
            "ip_address_pool": [],
            "name": "demo-subnet",
            "private_endpoint_network_policies": "Disabled",
            "private_link_service_network_policies_enabled": true,
            "resource_group_name": "resource_group",
            "service_endpoint_policy_ids": [],
            "service_endpoints": [],
            "sharing_scope": "",
            "timeouts": null,
            "virtual_network_name": "vnet-dev"
          },
          "sensitive_attributes": [],
          "identity_schema_version": 0,
          "identity": {
            "name": "demo-subnet",
            "resource_group_name": "resource_group",
            "subscription_id": "fb759421-2229-436f-a0f0-dfc357e8b1c5",
            "virtual_network_name": "vnet-dev"
          },
          "private": "eyJlMmJmYjczMC1lY2FhLTExZTYtOGY4OC0zNDM2M2JjN2M0YzAiOnsiY3JlYXRlIjoxODAwMDAwMDAwMDAwLCJkZWxldGUiOjE4MDAwMDAwMDAwMDAsInJlYWQiOjMwMDAwMDAwMDAwMCwidXBkYXRlIjoxODAwMDAwMDAwMDAwfX0=",
          "dependencies": [
            "azurerm_resource_group.rg",
            "azurerm_virtual_network.vnet"
          ]
        }
      ]
    },
    {
      "mode": "managed",
      "type": "azurerm_virtual_network",
      "name": "vnet",
      "provider": "provider[\"registry.terraform.io/hashicorp/azurerm\"]",
      "instances": [
        {
          "schema_version": 0,
          "attributes": {
            "address_space": [
              "10.0.0.0/16"
            ],
            "bgp_community": "",
            "ddos_protection_plan": [],
            "dns_servers": [],
            "edge_zone": "",
            "encryption": [],
            "flow_timeout_in_minutes": 0,
            "guid": "18161698-140a-40c8-a295-50d9710ed427",
            "id": "/subscriptions/fb759421-2229-436f-a0f0-dfc357e8b1c5/resourceGroups/resource_group/providers/Microsoft.Network/virtualNetworks/vnet-dev",
            "ip_address_pool": [],
            "location": "francecentral",
            "name": "vnet-dev",
            "private_endpoint_vnet_policies": "Disabled",
            "resource_group_name": "resource_group",
            "subnet": [
              {
                "address_prefixes": [
                  "10.0.1.0/24"
                ],
                "default_outbound_access_enabled": true,
                "delegation": [],
                "id": "/subscriptions/fb759421-2229-436f-a0f0-dfc357e8b1c5/resourceGroups/resource_group/providers/Microsoft.Network/virtualNetworks/vnet-dev/subnets/demo-subnet",
                "name": "demo-subnet",
                "private_endpoint_network_policies": "Disabled",
                "private_link_service_network_policies_enabled": true,
                "route_table_id": "",
                "security_group": "",
                "service_endpoint_policy_ids": [],
                "service_endpoints": []
              }
            ],
            "tags": {},
            "timeouts": null
          },
          "sensitive_attributes": [],
          "identity_schema_version": 0,
          "identity": {
            "name": "vnet-dev",
            "resource_group_name": "resource_group",
            "subscription_id": "fb759421-2229-436f-a0f0-dfc357e8b1c5"
          },
          "private": "eyJlMmJmYjczMC1lY2FhLTExZTYtOGY4OC0zNDM2M2JjN2M0YzAiOnsiY3JlYXRlIjoxODAwMDAwMDAwMDAwLCJkZWxldGUiOjE4MDAwMDAwMDAwMDAsInJlYWQiOjMwMDAwMDAwMDAwMCwidXBkYXRlIjoxODAwMDAwMDAwMDAwfX0=",
          "dependencies": [
            "azurerm_resource_group.rg"
          ]
        }
      ]
    }
  ],
  "check_results": null
}
